
Microsoft Visual Studio Solution File, Format Version 12.00
# Visual Studio Version 16
VisualStudioVersion = 16.0.29519.87
MinimumVisualStudioVersion = 10.0.40219.1
Project("{FAE04EC0-301F-11D3-BF4B-00C04F79EFBC}") = "aoc2019", "aoc2019\aoc2019.csproj", "{C37A2E46-DFE1-457F-9650-DEBE9E4C0867}"
EndProject
Global
	GlobalSection(SolutionConfigurationPlatforms) = preSolution
		Debug|Any CPU = Debug|Any CPU
		Release|Any CPU = Release|Any CPU
	EndGlobalSection
	GlobalSection(ProjectConfigurationPlatforms) = postSolution
		{C37A2E46-DFE1-457F-9650-DEBE9E4C0867}.Debug|Any CPU.ActiveCfg = Debug|Any CPU
		{C37A2E46-DFE1-457F-9650-DEBE9E4C0867}.Debug|Any CPU.Build.0 = Debug|Any CPU
		{C37A2E46-DFE1-457F-9650-DEBE9E4C0867}.Release|Any CPU.ActiveCfg = Release|Any CPU
		{C37A2E46-DFE1-457F-9650-DEBE9E4C0867}.Release|Any CPU.Build.0 = Release|Any CPU
	EndGlobalSection
	GlobalSection(SolutionProperties) = preSolution
		HideSolutionNode = FALSE
	EndGlobalSection
	GlobalSection(ExtensibilityGlobals) = postSolution
		SolutionGuid = {9225A456-4637-4F58-B557-885BC92B6B76}
	EndGlobalSection
EndGlobal
